
Microsoft Visual Studio Solution File, Format Version 12.00
# Visual Studio Version 16
VisualStudioVersion = 16.0.32002.261
MinimumVisualStudioVersion = 10.0.40219.1
Project("{FAE04EC0-301F-11D3-BF4B-00C04F79EFBC}") = "UrlShortener", "UrlShortener\UrlShortener.csproj", "{798115DF-53F7-4279-8E21-4A5C9A094573}"
EndProject
Global
	GlobalSection(SolutionConfigurationPlatforms) = preSolution
		Debug|Any CPU = Debug|Any CPU
		Release|Any CPU = Release|Any CPU
	EndGlobalSection
	GlobalSection(ProjectConfigurationPlatforms) = postSolution
		{798115DF-53F7-4279-8E21-4A5C9A094573}.Debug|Any CPU.ActiveCfg = Debug|Any CPU
		{798115DF-53F7-4279-8E21-4A5C9A094573}.Debug|Any CPU.Build.0 = Debug|Any CPU
		{798115DF-53F7-4279-8E21-4A5C9A094573}.Release|Any CPU.ActiveCfg = Release|Any CPU
		{798115DF-53F7-4279-8E21-4A5C9A094573}.Release|Any CPU.Build.0 = Release|Any CPU
	EndGlobalSection
	GlobalSection(SolutionProperties) = preSolution
		HideSolutionNode = FALSE
	EndGlobalSection
	GlobalSection(ExtensibilityGlobals) = postSolution
		SolutionGuid = {AB3CA7A5-47FA-40D4-BBFC-201D468D405A}
	EndGlobalSection
EndGlobal
